
Microsoft Visual Studio Solution File, Format Version 12.00
# Visual Studio Version 17
VisualStudioVersion = 17.11.35327.3
MinimumVisualStudioVersion = 10.0.40219.1
Project("{FAE04EC0-301F-11D3-BF4B-00C04F79EFBC}") = "проджект2", "проджект2.csproj", "{7A42A189-EC51-4C3D-96A6-037D4D7F3316}"
EndProject
Global
	GlobalSection(SolutionConfigurationPlatforms) = preSolution
		Debug|Any CPU = Debug|Any CPU
		Release|Any CPU = Release|Any CPU
	EndGlobalSection
	GlobalSection(ProjectConfigurationPlatforms) = postSolution
		{7A42A189-EC51-4C3D-96A6-037D4D7F3316}.Debug|Any CPU.ActiveCfg = Debug|Any CPU
		{7A42A189-EC51-4C3D-96A6-037D4D7F3316}.Debug|Any CPU.Build.0 = Debug|Any CPU
		{7A42A189-EC51-4C3D-96A6-037D4D7F3316}.Release|Any CPU.ActiveCfg = Release|Any CPU
		{7A42A189-EC51-4C3D-96A6-037D4D7F3316}.Release|Any CPU.Build.0 = Release|Any CPU
	EndGlobalSection
	GlobalSection(SolutionProperties) = preSolution
		HideSolutionNode = FALSE
	EndGlobalSection
	GlobalSection(ExtensibilityGlobals) = postSolution
		SolutionGuid = {F1CA5A1C-A05B-4699-A7BC-021D0B6D3E4B}
	EndGlobalSection
EndGlobal
